
Microsoft Visual Studio Solution File, Format Version 11.00
# Visual Studio 2010
Project("{FAE04EC0-301F-11D3-BF4B-00C04F79EFBC}") = "CSharpUtility", "CSharpUtility\CSharpUtility.csproj", "{77142CC3-67E9-41A7-B352-2207A3DF3A2E}"
EndProject
Global
	GlobalSection(SolutionConfigurationPlatforms) = preSolution
		Debug|Any CPU = Debug|Any CPU
		Release|Any CPU = Release|Any CPU
	EndGlobalSection
	GlobalSection(ProjectConfigurationPlatforms) = postSolution
		{77142CC3-67E9-41A7-B352-2207A3DF3A2E}.Debug|Any CPU.ActiveCfg = Debug|Any CPU
		{77142CC3-67E9-41A7-B352-2207A3DF3A2E}.Debug|Any CPU.Build.0 = Debug|Any CPU
		{77142CC3-67E9-41A7-B352-2207A3DF3A2E}.Release|Any CPU.ActiveCfg = Release|Any CPU
		{77142CC3-67E9-41A7-B352-2207A3DF3A2E}.Release|Any CPU.Build.0 = Release|Any CPU
	EndGlobalSection
	GlobalSection(SolutionProperties) = preSolution
		HideSolutionNode = FALSE
	EndGlobalSection
EndGlobal
